
Microsoft Visual Studio Solution File, Format Version 12.00
# Visual Studio Version 16
VisualStudioVersion = 16.0.31410.357
MinimumVisualStudioVersion = 10.0.40219.1
Project("{FAE04EC0-301F-11D3-BF4B-00C04F79EFBC}") = "servermanager", "servermanager\servermanager.csproj", "{599D3E52-FFBA-4191-BC30-6684ECD65067}"
EndProject
Global
	GlobalSection(SolutionConfigurationPlatforms) = preSolution
		Debug|Any CPU = Debug|Any CPU
		Release|Any CPU = Release|Any CPU
	EndGlobalSection
	GlobalSection(ProjectConfigurationPlatforms) = postSolution
		{599D3E52-FFBA-4191-BC30-6684ECD65067}.Debug|Any CPU.ActiveCfg = Debug|Any CPU
		{599D3E52-FFBA-4191-BC30-6684ECD65067}.Debug|Any CPU.Build.0 = Debug|Any CPU
		{599D3E52-FFBA-4191-BC30-6684ECD65067}.Release|Any CPU.ActiveCfg = Release|Any CPU
		{599D3E52-FFBA-4191-BC30-6684ECD65067}.Release|Any CPU.Build.0 = Release|Any CPU
	EndGlobalSection
	GlobalSection(SolutionProperties) = preSolution
		HideSolutionNode = FALSE
	EndGlobalSection
	GlobalSection(ExtensibilityGlobals) = postSolution
		SolutionGuid = {E87C7C0F-ABA1-4386-B9A4-5CC6A1225E1F}
	EndGlobalSection
EndGlobal
